PODS:
  - CCDB-OBJC (1.0.0)

DEPENDENCIES:
  - CCDB-OBJC (from `/Users/cmw/projects/CCDB-Objc/Core`)

EXTERNAL SOURCES:
  CCDB-OBJC:
    :path: "/Users/cmw/projects/CCDB-Objc/Core"

SPEC CHECKSUMS:
  CCDB-OBJC: 5f04bc6054eca5c8402f71e41191ae6b04f14644

PODFILE CHECKSUM: ef0961e533f77f4b0d8fedf29ba15a4b7122b83b

COCOAPODS: 1.11.2
